
Microsoft Visual Studio Solution File, Format Version 12.00
# Visual Studio Version 16
VisualStudioVersion = 16.0.29509.3
MinimumVisualStudioVersion = 10.0.40219.1
Project("{FAE04EC0-301F-11D3-BF4B-00C04F79EFBC}") = "CryptoSoft", "CryptoSoft\CryptoSoft.csproj", "{FF852EAC-0D51-4038-B113-221E36706AFD}"
EndProject
Global
	GlobalSection(SolutionConfigurationPlatforms) = preSolution
		Debug|Any CPU = Debug|Any CPU
		Release|Any CPU = Release|Any CPU
	EndGlobalSection
	GlobalSection(ProjectConfigurationPlatforms) = postSolution
		{FF852EAC-0D51-4038-B113-221E36706AFD}.Debug|Any CPU.ActiveCfg = Debug|Any CPU
		{FF852EAC-0D51-4038-B113-221E36706AFD}.Debug|Any CPU.Build.0 = Debug|Any CPU
		{FF852EAC-0D51-4038-B113-221E36706AFD}.Release|Any CPU.ActiveCfg = Release|Any CPU
		{FF852EAC-0D51-4038-B113-221E36706AFD}.Release|Any CPU.Build.0 = Release|Any CPU
	EndGlobalSection
	GlobalSection(SolutionProperties) = preSolution
		HideSolutionNode = FALSE
	EndGlobalSection
	GlobalSection(ExtensibilityGlobals) = postSolution
		SolutionGuid = {90892548-FC44-4F11-A191-9943FE77909E}
	EndGlobalSection
EndGlobal
