
Microsoft Visual Studio Solution File, Format Version 12.00
# Visual Studio Version 16
VisualStudioVersion = 16.0.29503.13
MinimumVisualStudioVersion = 10.0.40219.1
Project("{9A19103F-16F7-4668-BE54-9A1E7A4F7556}") = "EasySave", "Projet Cadrant 2019\EasySave.csproj", "{04F78E84-5E57-47C6-BBDC-6EA7BF3FFC96}"
EndProject
Project("{FAE04EC0-301F-11D3-BF4B-00C04F79EFBC}") = "UnitTestProject", "UnitTestProject\UnitTestProject.csproj", "{1AE762DE-5800-470F-8894-0A90AC98FC29}"
EndProject
Global
	GlobalSection(SolutionConfigurationPlatforms) = preSolution
		Debug|Any CPU = Debug|Any CPU
		Release|Any CPU = Release|Any CPU
	EndGlobalSection
	GlobalSection(ProjectConfigurationPlatforms) = postSolution
		{04F78E84-5E57-47C6-BBDC-6EA7BF3FFC96}.Debug|Any CPU.ActiveCfg = Debug|Any CPU
		{04F78E84-5E57-47C6-BBDC-6EA7BF3FFC96}.Debug|Any CPU.Build.0 = Debug|Any CPU
		{04F78E84-5E57-47C6-BBDC-6EA7BF3FFC96}.Release|Any CPU.ActiveCfg = Release|Any CPU
		{04F78E84-5E57-47C6-BBDC-6EA7BF3FFC96}.Release|Any CPU.Build.0 = Release|Any CPU
		{1AE762DE-5800-470F-8894-0A90AC98FC29}.Debug|Any CPU.ActiveCfg = Debug|Any CPU
		{1AE762DE-5800-470F-8894-0A90AC98FC29}.Debug|Any CPU.Build.0 = Debug|Any CPU
		{1AE762DE-5800-470F-8894-0A90AC98FC29}.Release|Any CPU.ActiveCfg = Release|Any CPU
		{1AE762DE-5800-470F-8894-0A90AC98FC29}.Release|Any CPU.Build.0 = Release|Any CPU
	EndGlobalSection
	GlobalSection(SolutionProperties) = preSolution
		HideSolutionNode = FALSE
	EndGlobalSection
	GlobalSection(ExtensibilityGlobals) = postSolution
		SolutionGuid = {C4F770D3-9B91-44E7-A1A1-19DF90C0D0AD}
	EndGlobalSection
EndGlobal
